// !$*UTF8*$!
{
	archiveVersion = 1;
	classes = {
	};
	objectVersion = 46;
	objects = {

/* Begin PBXBuildFile section */
		CEEF0E78184EA3DE00B7DEDF /* RFKeyboardToolbar.m in Sources */ = {isa = PBXBuildFile; fileRef = CEEF0E75184EA3DE00B7DEDF /* RFKeyboardToolbar.m */; };
		CEEF0E79184EA3DE00B7DEDF /* RFToolbarButton.m in Sources */ = {isa = PBXBuildFile; fileRef = CEEF0E77184EA3DE00B7DEDF /* RFToolbarButton.m */; };
		CEEF0E7D184EA3FE00B7DEDF /* RFMarkdownTextView.m in Sources */ = {isa = PBXBuildFile; fileRef = CEEF0E7C184EA3FE00B7DEDF /* RFMarkdownTextView.m */; };
		CEEF0E80184EA59A00B7DEDF /* RFHeaderToolbarButton.m in Sources */ = {isa = PBXBuildFile; fileRef = CEEF0E7F184EA59A00B7DEDF /* RFHeaderToolbarButton.m */; };
		CEEF0E89184EA63600B7DEDF /* RFCodeToolbarButton.m in Sources */ = {isa = PBXBuildFile; fileRef = CEEF0E88184EA63600B7DEDF /* RFCodeToolbarButton.m */; };
		CEEF0E8C184EA64600B7DEDF /* RFAtToolbarButton.m in Sources */ = {isa = PBXBuildFile; fileRef = CEEF0E8B184EA64600B7DEDF /* RFAtToolbarButton.m */; };
		CEEF0E8F184EA65300B7DEDF /* RFLinkToolbarButton.m in Sources */ = {isa = PBXBuildFile; fileRef = CEEF0E8E184EA65300B7DEDF /* RFLinkToolbarButton.m */; };
		CEEF0E92184EA65D00B7DEDF /* RFCodeblockToolbarButton.m in Sources */ = {isa = PBXBuildFile; fileRef = CEEF0E91184EA65D00B7DEDF /* RFCodeblockToolbarButton.m */; };
		CEEF0E95184EA66800B7DEDF /* RFImageToolbarButton.m in Sources */ = {isa = PBXBuildFile; fileRef = CEEF0E94184EA66800B7DEDF /* RFImageToolbarButton.m */; };
		CEEF0E98184EA67300B7DEDF /* RFTaskToolbarButton.m in Sources */ = {isa = PBXBuildFile; fileRef = CEEF0E97184EA67300B7DEDF /* RFTaskToolbarButton.m */; };
		CEEF0E9B184EA67D00B7DEDF /* RFQuoteToolbarButton.m in Sources */ = {isa = PBXBuildFile; fileRef = CEEF0E9A184EA67D00B7DEDF /* RFQuoteToolbarButton.m */; };
		CEEF0EA1184EA79F00B7DEDF /* RFAsteriskToolbarButton.m in Sources */ = {isa = PBXBuildFile; fileRef = CEEF0EA0184EA79F00B7DEDF /* RFAsteriskToolbarButton.m */; };
		CEEF0EA4184EA87C00B7DEDF /* RFUnderscoreToolbarButton.m in Sources */ = {isa = PBXBuildFile; fileRef = CEEF0EA3184EA87C00B7DEDF /* RFUnderscoreToolbarButton.m */; };
		F1737117184C2F5500422999 /* Foundation.framework in Frameworks */ = {isa = PBXBuildFile; fileRef = F1737116184C2F5500422999 /* Foundation.framework */; };
		F1737119184C2F5500422999 /* CoreGraphics.framework in Frameworks */ = {isa = PBXBuildFile; fileRef = F1737118184C2F5500422999 /* CoreGraphics.framework */; };
		F173711B184C2F5500422999 /* UIKit.framework in Frameworks */ = {isa = PBXBuildFile; fileRef = F173711A184C2F5500422999 /* UIKit.framework */; };
		F1737121184C2F5500422999 /* InfoPlist.strings in Resources */ = {isa = PBXBuildFile; fileRef = F173711F184C2F5500422999 /* InfoPlist.strings */; };
		F1737123184C2F5500422999 /* main.m in Sources */ = {isa = PBXBuildFile; fileRef = F1737122184C2F5500422999 /* main.m */; };
		F1737127184C2F5500422999 /* AppDelegate.m in Sources */ = {isa = PBXBuildFile; fileRef = F1737126184C2F5500422999 /* AppDelegate.m */; };
		F1737129184C2F5500422999 /* Images.xcassets in Resources */ = {isa = PBXBuildFile; fileRef = F1737128184C2F5500422999 /* Images.xcassets */; };
		F1737130184C2F5500422999 /* XCTest.framework in Frameworks */ = {isa = PBXBuildFile; fileRef = F173712F184C2F5500422999 /* XCTest.framework */; };
		F1737131184C2F5500422999 /* Foundation.framework in Frameworks */ = {isa = PBXBuildFile; fileRef = F1737116184C2F5500422999 /* Foundation.framework */; };
		F1737132184C2F5500422999 /* UIKit.framework in Frameworks */ = {isa = PBXBuildFile; fileRef = F173711A184C2F5500422999 /* UIKit.framework */; };
		F173713A184C2F5500422999 /* InfoPlist.strings in Resources */ = {isa = PBXBuildFile; fileRef = F1737138184C2F5500422999 /* InfoPlist.strings */; };
		F173713C184C2F5500422999 /* RFMarkdownTextViewDemoTests.m in Sources */ = {isa = PBXBuildFile; fileRef = F173713B184C2F5500422999 /* RFMarkdownTextViewDemoTests.m */; };
		F1737147184C2F7600422999 /* ViewController.m in Sources */ = {isa = PBXBuildFile; fileRef = F1737146184C2F7600422999 /* ViewController.m */; };
/* End PBXBuildFile section */

/* Begin PBXContainerItemProxy section */
		F1737133184C2F5500422999 /* PBXContainerItemProxy */ = {
			isa = PBXContainerItemProxy;
			containerPortal = F173710B184C2F5500422999 /* Project object */;
			proxyType = 1;
			remoteGlobalIDString = F1737112184C2F5500422999;
			remoteInfo = RFMarkdownTextViewDemo;
		};
/* End PBXContainerItemProxy section */

/* Begin PBXFileReference section */
		CEEF0E74184EA3DE00B7DEDF /* RFKeyboardToolbar.h */ = {isa = PBXFileReference; fileEncoding = 4; lastKnownFileType = sourcecode.c.h; path = RFKeyboardToolbar.h; sourceTree = "<group>"; };
		CEEF0E75184EA3DE00B7DEDF /* RFKeyboardToolbar.m */ = {isa = PBXFileReference; fileEncoding = 4; lastKnownFileType = sourcecode.c.objc; path = RFKeyboardToolbar.m; sourceTree = "<group>"; };
		CEEF0E76184EA3DE00B7DEDF /* RFToolbarButton.h */ = {isa = PBXFileReference; fileEncoding = 4; lastKnownFileType = sourcecode.c.h; path = RFToolbarButton.h; sourceTree = "<group>"; };
		CEEF0E77184EA3DE00B7DEDF /* RFToolbarButton.m */ = {isa = PBXFileReference; fileEncoding = 4; lastKnownFileType = sourcecode.c.objc; path = RFToolbarButton.m; sourceTree = "<group>"; };
		CEEF0E7B184EA3FE00B7DEDF /* RFMarkdownTextView.h */ = {isa = PBXFileReference; fileEncoding = 4; lastKnownFileType = sourcecode.c.h; path = RFMarkdownTextView.h; sourceTree = "<group>"; };
		CEEF0E7C184EA3FE00B7DEDF /* RFMarkdownTextView.m */ = {isa = PBXFileReference; fileEncoding = 4; lastKnownFileType = sourcecode.c.objc; path = RFMarkdownTextView.m; sourceTree = "<group>"; };
		CEEF0E7E184EA59A00B7DEDF /* RFHeaderToolbarButton.h */ = {isa = PBXFileReference; fileEncoding = 4; lastKnownFileType = sourcecode.c.h; path = RFHeaderToolbarButton.h; sourceTree = "<group>"; };
		CEEF0E7F184EA59A00B7DEDF /* RFHeaderToolbarButton.m */ = {isa = PBXFileReference; fileEncoding = 4; lastKnownFileType = sourcecode.c.objc; path = RFHeaderToolbarButton.m; sourceTree = "<group>"; };
		CEEF0E87184EA63600B7DEDF /* RFCodeToolbarButton.h */ = {isa = PBXFileReference; fileEncoding = 4; lastKnownFileType = sourcecode.c.h; path = RFCodeToolbarButton.h; sourceTree = "<group>"; };
		CEEF0E88184EA63600B7DEDF /* RFCodeToolbarButton.m */ = {isa = PBXFileReference; fileEncoding = 4; lastKnownFileType = sourcecode.c.objc; path = RFCodeToolbarButton.m; sourceTree = "<group>"; };
		CEEF0E8A184EA64600B7DEDF /* RFAtToolbarButton.h */ = {isa = PBXFileReference; fileEncoding = 4; lastKnownFileType = sourcecode.c.h; path = RFAtToolbarButton.h; sourceTree = "<group>"; };
		CEEF0E8B184EA64600B7DEDF /* RFAtToolbarButton.m */ = {isa = PBXFileReference; fileEncoding = 4; lastKnownFileType = sourcecode.c.objc; path = RFAtToolbarButton.m; sourceTree = "<group>"; };
		CEEF0E8D184EA65300B7DEDF /* RFLinkToolbarButton.h */ = {isa = PBXFileReference; fileEncoding = 4; lastKnownFileType = sourcecode.c.h; path = RFLinkToolbarButton.h; sourceTree = "<group>"; };
		CEEF0E8E184EA65300B7DEDF /* RFLinkToolbarButton.m */ = {isa = PBXFileReference; fileEncoding = 4; lastKnownFileType = sourcecode.c.objc; path = RFLinkToolbarButton.m; sourceTree = "<group>"; };
		CEEF0E90184EA65D00B7DEDF /* RFCodeblockToolbarButton.h */ = {isa = PBXFileReference; fileEncoding = 4; lastKnownFileType = sourcecode.c.h; path = RFCodeblockToolbarButton.h; sourceTree = "<group>"; };
		CEEF0E91184EA65D00B7DEDF /* RFCodeblockToolbarButton.m */ = {isa = PBXFileReference; fileEncoding = 4; lastKnownFileType = sourcecode.c.objc; path = RFCodeblockToolbarButton.m; sourceTree = "<group>"; };
		CEEF0E93184EA66800B7DEDF /* RFImageToolbarButton.h */ = {isa = PBXFileReference; fileEncoding = 4; lastKnownFileType = sourcecode.c.h; path = RFImageToolbarButton.h; sourceTree = "<group>"; };
		CEEF0E94184EA66800B7DEDF /* RFImageToolbarButton.m */ = {isa = PBXFileReference; fileEncoding = 4; lastKnownFileType = sourcecode.c.objc; path = RFImageToolbarButton.m; sourceTree = "<group>"; };
		CEEF0E96184EA67300B7DEDF /* RFTaskToolbarButton.h */ = {isa = PBXFileReference; fileEncoding = 4; lastKnownFileType = sourcecode.c.h; path = RFTaskToolbarButton.h; sourceTree = "<group>"; };
		CEEF0E97184EA67300B7DEDF /* RFTaskToolbarButton.m */ = {isa = PBXFileReference; fileEncoding = 4; lastKnownFileType = sourcecode.c.objc; path = RFTaskToolbarButton.m; sourceTree = "<group>"; };
		CEEF0E99184EA67D00B7DEDF /* RFQuoteToolbarButton.h */ = {isa = PBXFileReference; fileEncoding = 4; lastKnownFileType = sourcecode.c.h; path = RFQuoteToolbarButton.h; sourceTree = "<group>"; };
		CEEF0E9A184EA67D00B7DEDF /* RFQuoteToolbarButton.m */ = {isa = PBXFileReference; fileEncoding = 4; lastKnownFileType = sourcecode.c.objc; path = RFQuoteToolbarButton.m; sourceTree = "<group>"; };
		CEEF0E9E184EA75500B7DEDF /* RFMarkdownButtons.h */ = {isa = PBXFileReference; lastKnownFileType = sourcecode.c.h; path = RFMarkdownButtons.h; sourceTree = "<group>"; };
		CEEF0E9F184EA79F00B7DEDF /* RFAsteriskToolbarButton.h */ = {isa = PBXFileReference; fileEncoding = 4; lastKnownFileType = sourcecode.c.h; path = RFAsteriskToolbarButton.h; sourceTree = "<group>"; };
		CEEF0EA0184EA79F00B7DEDF /* RFAsteriskToolbarButton.m */ = {isa = PBXFileReference; fileEncoding = 4; lastKnownFileType = sourcecode.c.objc; path = RFAsteriskToolbarButton.m; sourceTree = "<group>"; };
		CEEF0EA2184EA87C00B7DEDF /* RFUnderscoreToolbarButton.h */ = {isa = PBXFileReference; fileEncoding = 4; lastKnownFileType = sourcecode.c.h; path = RFUnderscoreToolbarButton.h; sourceTree = "<group>"; };
		CEEF0EA3184EA87C00B7DEDF /* RFUnderscoreToolbarButton.m */ = {isa = PBXFileReference; fileEncoding = 4; lastKnownFileType = sourcecode.c.objc; path = RFUnderscoreToolbarButton.m; sourceTree = "<group>"; };
		F1737113184C2F5500422999 /* RFMarkdownTextViewDemo.app */ = {isa = PBXFileReference; explicitFileType = wrapper.application; includeInIndex = 0; path = RFMarkdownTextViewDemo.app; sourceTree = BUILT_PRODUCTS_DIR; };
		F1737116184C2F5500422999 /* Foundation.framework */ = {isa = PBXFileReference; lastKnownFileType = wrapper.framework; name = Foundation.framework; path = System/Library/Frameworks/Foundation.framework; sourceTree = SDKROOT; };
		F1737118184C2F5500422999 /* CoreGraphics.framework */ = {isa = PBXFileReference; lastKnownFileType = wrapper.framework; name = CoreGraphics.framework; path = System/Library/Frameworks/CoreGraphics.framework; sourceTree = SDKROOT; };
		F173711A184C2F5500422999 /* UIKit.framework */ = {isa = PBXFileReference; lastKnownFileType = wrapper.framework; name = UIKit.framework; path = System/Library/Frameworks/UIKit.framework; sourceTree = SDKROOT; };
		F173711E184C2F5500422999 /* RFMarkdownTextViewDemo-Info.plist */ = {isa = PBXFileReference; lastKnownFileType = text.plist.xml; path = "RFMarkdownTextViewDemo-Info.plist"; sourceTree = "<group>"; };
		F1737120184C2F5500422999 /* en */ = {isa = PBXFileReference; lastKnownFileType = text.plist.strings; name = en; path = en.lproj/InfoPlist.strings; sourceTree = "<group>"; };
		F1737122184C2F5500422999 /* main.m */ = {isa = PBXFileReference; lastKnownFileType = sourcecode.c.objc; path = main.m; sourceTree = "<group>"; };
		F1737124184C2F5500422999 /* RFMarkdownTextViewDemo-Prefix.pch */ = {isa = PBXFileReference; lastKnownFileType = sourcecode.c.h; path = "RFMarkdownTextViewDemo-Prefix.pch"; sourceTree = "<group>"; };
		F1737125184C2F5500422999 /* AppDelegate.h */ = {isa = PBXFileReference; lastKnownFileType = sourcecode.c.h; path = AppDelegate.h; sourceTree = "<group>"; };
		F1737126184C2F5500422999 /* AppDelegate.m */ = {isa = PBXFileReference; lastKnownFileType = sourcecode.c.objc; path = AppDelegate.m; sourceTree = "<group>"; };
		F1737128184C2F5500422999 /* Images.xcassets */ = {isa = PBXFileReference; lastKnownFileType = folder.assetcatalog; path = Images.xcassets; sourceTree = "<group>"; };
		F173712E184C2F5500422999 /* RFMarkdownTextViewDemoTests.xctest */ = {isa = PBXFileReference; explicitFileType = wrapper.cfbundle; includeInIndex = 0; path = RFMarkdownTextViewDemoTests.xctest; sourceTree = BUILT_PRODUCTS_DIR; };
		F173712F184C2F5500422999 /* XCTest.framework */ = {isa = PBXFileReference; lastKnownFileType = wrapper.framework; name = XCTest.framework; path = Library/Frameworks/XCTest.framework; sourceTree = DEVELOPER_DIR; };
		F1737137184C2F5500422999 /* RFMarkdownTextViewDemoTests-Info.plist */ = {isa = PBXFileReference; lastKnownFileType = text.plist.xml; path = "RFMarkdownTextViewDemoTests-Info.plist"; sourceTree = "<group>"; };
		F1737139184C2F5500422999 /* en */ = {isa = PBXFileReference; lastKnownFileType = text.plist.strings; name = en; path = en.lproj/InfoPlist.strings; sourceTree = "<group>"; };
		F173713B184C2F5500422999 /* RFMarkdownTextViewDemoTests.m */ = {isa = PBXFileReference; lastKnownFileType = sourcecode.c.objc; path = RFMarkdownTextViewDemoTests.m; sourceTree = "<group>"; };
		F1737145184C2F7600422999 /* ViewController.h */ = {isa = PBXFileReference; fileEncoding = 4; lastKnownFileType = sourcecode.c.h; path = ViewController.h; sourceTree = "<group>"; };
		F1737146184C2F7600422999 /* ViewController.m */ = {isa = PBXFileReference; fileEncoding = 4; lastKnownFileType = sourcecode.c.objc; path = ViewController.m; sourceTree = "<group>"; };
/* End PBXFileReference section */

/* Begin PBXFrameworksBuildPhase section */
		F1737110184C2F5500422999 /* Frameworks */ = {
			isa = PBXFrameworksBuildPhase;
			buildActionMask = 2147483647;
			files = (
				F1737119184C2F5500422999 /* CoreGraphics.framework in Frameworks */,
				F173711B184C2F5500422999 /* UIKit.framework in Frameworks */,
				F1737117184C2F5500422999 /* Foundation.framework in Frameworks */,
			);
			runOnlyForDeploymentPostprocessing = 0;
		};
		F173712B184C2F5500422999 /* Frameworks */ = {
			isa = PBXFrameworksBuildPhase;
			buildActionMask = 2147483647;
			files = (
				F1737130184C2F5500422999 /* XCTest.framework in Frameworks */,
				F1737132184C2F5500422999 /* UIKit.framework in Frameworks */,
				F1737131184C2F5500422999 /* Foundation.framework in Frameworks */,
			);
			runOnlyForDeploymentPostprocessing = 0;
		};
/* End PBXFrameworksBuildPhase section */

/* Begin PBXGroup section */
		CEEF0E73184EA3DE00B7DEDF /* RFKeyboardToolbar */ = {
			isa = PBXGroup;
			children = (
				CEEF0E74184EA3DE00B7DEDF /* RFKeyboardToolbar.h */,
				CEEF0E75184EA3DE00B7DEDF /* RFKeyboardToolbar.m */,
				CEEF0E76184EA3DE00B7DEDF /* RFToolbarButton.h */,
				CEEF0E77184EA3DE00B7DEDF /* RFToolbarButton.m */,
			);
			name = RFKeyboardToolbar;
			path = ../../RFKeyboardToolbar/RFKeyboardToolbar;
			sourceTree = "<group>";
		};
		CEEF0E7A184EA3FE00B7DEDF /* RFMarkdownTextView */ = {
			isa = PBXGroup;
			children = (
				CEEF0E7B184EA3FE00B7DEDF /* RFMarkdownTextView.h */,
				CEEF0E7C184EA3FE00B7DEDF /* RFMarkdownTextView.m */,
				CEEF0E9E184EA75500B7DEDF /* RFMarkdownButtons.h */,
				CEEF0E9C184EA68600B7DEDF /* Buttons */,
			);
			name = RFMarkdownTextView;
			path = ../../RFMarkdownTextView;
			sourceTree = "<group>";
		};
		CEEF0E9C184EA68600B7DEDF /* Buttons */ = {
			isa = PBXGroup;
			children = (
				CEEF0E7E184EA59A00B7DEDF /* RFHeaderToolbarButton.h */,
				CEEF0E7F184EA59A00B7DEDF /* RFHeaderToolbarButton.m */,
				CEEF0E9F184EA79F00B7DEDF /* RFAsteriskToolbarButton.h */,
				CEEF0EA0184EA79F00B7DEDF /* RFAsteriskToolbarButton.m */,
				CEEF0E87184EA63600B7DEDF /* RFCodeToolbarButton.h */,
				CEEF0E88184EA63600B7DEDF /* RFCodeToolbarButton.m */,
				CEEF0EA2184EA87C00B7DEDF /* RFUnderscoreToolbarButton.h */,
				CEEF0EA3184EA87C00B7DEDF /* RFUnderscoreToolbarButton.m */,
				CEEF0E8A184EA64600B7DEDF /* RFAtToolbarButton.h */,
				CEEF0E8B184EA64600B7DEDF /* RFAtToolbarButton.m */,
				CEEF0E8D184EA65300B7DEDF /* RFLinkToolbarButton.h */,
				CEEF0E8E184EA65300B7DEDF /* RFLinkToolbarButton.m */,
				CEEF0E90184EA65D00B7DEDF /* RFCodeblockToolbarButton.h */,
				CEEF0E91184EA65D00B7DEDF /* RFCodeblockToolbarButton.m */,
				CEEF0E93184EA66800B7DEDF /* RFImageToolbarButton.h */,
				CEEF0E94184EA66800B7DEDF /* RFImageToolbarButton.m */,
				CEEF0E96184EA67300B7DEDF /* RFTaskToolbarButton.h */,
				CEEF0E97184EA67300B7DEDF /* RFTaskToolbarButton.m */,
				CEEF0E99184EA67D00B7DEDF /* RFQuoteToolbarButton.h */,
				CEEF0E9A184EA67D00B7DEDF /* RFQuoteToolbarButton.m */,
			);
			name = Buttons;
			sourceTree = "<group>";
		};
		F173710A184C2F5500422999 = {
			isa = PBXGroup;
			children = (
				F173711C184C2F5500422999 /* RFMarkdownTextViewDemo */,
				F1737135184C2F5500422999 /* RFMarkdownTextViewDemoTests */,
				F1737115184C2F5500422999 /* Frameworks */,
				F1737114184C2F5500422999 /* Products */,
			);
			sourceTree = "<group>";
		};
		F1737114184C2F5500422999 /* Products */ = {
			isa = PBXGroup;
			children = (
				F1737113184C2F5500422999 /* RFMarkdownTextViewDemo.app */,
				F173712E184C2F5500422999 /* RFMarkdownTextViewDemoTests.xctest */,
			);
			name = Products;
			sourceTree = "<group>";
		};
		F1737115184C2F5500422999 /* Frameworks */ = {
			isa = PBXGroup;
			children = (
				F1737116184C2F5500422999 /* Foundation.framework */,
				F1737118184C2F5500422999 /* CoreGraphics.framework */,
				F173711A184C2F5500422999 /* UIKit.framework */,
				F173712F184C2F5500422999 /* XCTest.framework */,
			);
			name = Frameworks;
			sourceTree = "<group>";
		};
		F173711C184C2F5500422999 /* RFMarkdownTextViewDemo */ = {
			isa = PBXGroup;
			children = (
				F1737125184C2F5500422999 /* AppDelegate.h */,
				F1737126184C2F5500422999 /* AppDelegate.m */,
				F1737145184C2F7600422999 /* ViewController.h */,
				F1737146184C2F7600422999 /* ViewController.m */,
				F1737128184C2F5500422999 /* Images.xcassets */,
				CEEF0E7A184EA3FE00B7DEDF /* RFMarkdownTextView */,
				CEEF0E73184EA3DE00B7DEDF /* RFKeyboardToolbar */,
				F173711D184C2F5500422999 /* Supporting Files */,
			);
			path = RFMarkdownTextViewDemo;
			sourceTree = "<group>";
		};
		F173711D184C2F5500422999 /* Supporting Files */ = {
			isa = PBXGroup;
			children = (
				F173711E184C2F5500422999 /* RFMarkdownTextViewDemo-Info.plist */,
				F173711F184C2F5500422999 /* InfoPlist.strings */,
				F1737122184C2F5500422999 /* main.m */,
				F1737124184C2F5500422999 /* RFMarkdownTextViewDemo-Prefix.pch */,
			);
			name = "Supporting Files";
			sourceTree = "<group>";
		};
		F1737135184C2F5500422999 /* RFMarkdownTextViewDemoTests */ = {
			isa = PBXGroup;
			children = (
				F173713B184C2F5500422999 /* RFMarkdownTextViewDemoTests.m */,
				F1737136184C2F5500422999 /* Supporting Files */,
			);
			path = RFMarkdownTextViewDemoTests;
			sourceTree = "<group>";
		};
		F1737136184C2F5500422999 /* Supporting Files */ = {
			isa = PBXGroup;
			children = (
				F1737137184C2F5500422999 /* RFMarkdownTextViewDemoTests-Info.plist */,
				F1737138184C2F5500422999 /* InfoPlist.strings */,
			);
			name = "Supporting Files";
			sourceTree = "<group>";
		};
/* End PBXGroup section */

/* Begin PBXNativeTarget section */
		F1737112184C2F5500422999 /* RFMarkdownTextViewDemo */ = {
			isa = PBXNativeTarget;
			buildConfigurationList = F173713F184C2F5500422999 /* Build configuration list for PBXNativeTarget "RFMarkdownTextViewDemo" */;
			buildPhases = (
				F173710F184C2F5500422999 /* Sources */,
				F1737110184C2F5500422999 /* Frameworks */,
				F1737111184C2F5500422999 /* Resources */,
			);
			buildRules = (
			);
			dependencies = (
			);
			name = RFMarkdownTextViewDemo;
			productName = RFMarkdownTextViewDemo;
			productReference = F1737113184C2F5500422999 /* RFMarkdownTextViewDemo.app */;
			productType = "com.apple.product-type.application";
		};
		F173712D184C2F5500422999 /* RFMarkdownTextViewDemoTests */ = {
			isa = PBXNativeTarget;
			buildConfigurationList = F1737142184C2F5500422999 /* Build configuration list for PBXNativeTarget "RFMarkdownTextViewDemoTests" */;
			buildPhases = (
				F173712A184C2F5500422999 /* Sources */,
				F173712B184C2F5500422999 /* Frameworks */,
				F173712C184C2F5500422999 /* Resources */,
			);
			buildRules = (
			);
			dependencies = (
				F1737134184C2F5500422999 /* PBXTargetDependency */,
			);
			name = RFMarkdownTextViewDemoTests;
			productName = RFMarkdownTextViewDemoTests;
			productReference = F173712E184C2F5500422999 /* RFMarkdownTextViewDemoTests.xctest */;
			productType = "com.apple.product-type.bundle.unit-test";
		};
/* End PBXNativeTarget section */

/* Begin PBXProject section */
		F173710B184C2F5500422999 /* Project object */ = {
			isa = PBXProject;
			attributes = {
				LastUpgradeCheck = 0500;
				ORGANIZATIONNAME = "Rex Finn";
				TargetAttributes = {
					F173712D184C2F5500422999 = {
						TestTargetID = F1737112184C2F5500422999;
					};
				};
			};
			buildConfigurationList = F173710E184C2F5500422999 /* Build configuration list for PBXProject "RFMarkdownTextViewDemo" */;
			compatibilityVersion = "Xcode 3.2";
			developmentRegion = English;
			hasScannedForEncodings = 0;
			knownRegions = (
				en,
			);
			mainGroup = F173710A184C2F5500422999;
			productRefGroup = F1737114184C2F5500422999 /* Products */;
			projectDirPath = "";
			projectRoot = "";
			targets = (
				F1737112184C2F5500422999 /* RFMarkdownTextViewDemo */,
				F173712D184C2F5500422999 /* RFMarkdownTextViewDemoTests */,
			);
		};
/* End PBXProject section */

/* Begin PBXResourcesBuildPhase section */
		F1737111184C2F5500422999 /* Resources */ = {
			isa = PBXResourcesBuildPhase;
			buildActionMask = 2147483647;
			files = (
				F1737121184C2F5500422999 /* InfoPlist.strings in Resources */,
				F1737129184C2F5500422999 /* Images.xcassets in Resources */,
			);
			runOnlyForDeploymentPostprocessing = 0;
		};
		F173712C184C2F5500422999 /* Resources */ = {
			isa = PBXResourcesBuildPhase;
			buildActionMask = 2147483647;
			files = (
				F173713A184C2F5500422999 /* InfoPlist.strings in Resources */,
			);
			runOnlyForDeploymentPostprocessing = 0;
		};
/* End PBXResourcesBuildPhase section */

/* Begin PBXSourcesBuildPhase section */
		F173710F184C2F5500422999 /* Sources */ = {
			isa = PBXSourcesBuildPhase;
			buildActionMask = 2147483647;
			files = (
				F1737147184C2F7600422999 /* ViewController.m in Sources */,
				CEEF0EA1184EA79F00B7DEDF /* RFAsteriskToolbarButton.m in Sources */,
				CEEF0E95184EA66800B7DEDF /* RFImageToolbarButton.m in Sources */,
				CEEF0E79184EA3DE00B7DEDF /* RFToolbarButton.m in Sources */,
				F1737127184C2F5500422999 /* AppDelegate.m in Sources */,
				CEEF0E92184EA65D00B7DEDF /* RFCodeblockToolbarButton.m in Sources */,
				CEEF0E9B184EA67D00B7DEDF /* RFQuoteToolbarButton.m in Sources */,
				CEEF0EA4184EA87C00B7DEDF /* RFUnderscoreToolbarButton.m in Sources */,
				CEEF0E8C184EA64600B7DEDF /* RFAtToolbarButton.m in Sources */,
				CEEF0E8F184EA65300B7DEDF /* RFLinkToolbarButton.m in Sources */,
				CEEF0E78184EA3DE00B7DEDF /* RFKeyboardToolbar.m in Sources */,
				CEEF0E80184EA59A00B7DEDF /* RFHeaderToolbarButton.m in Sources */,
				CEEF0E7D184EA3FE00B7DEDF /* RFMarkdownTextView.m in Sources */,
				CEEF0E98184EA67300B7DEDF /* RFTaskToolbarButton.m in Sources */,
				CEEF0E89184EA63600B7DEDF /* RFCodeToolbarButton.m in Sources */,
				F1737123184C2F5500422999 /* main.m in Sources */,
			);
			runOnlyForDeploymentPostprocessing = 0;
		};
		F173712A184C2F5500422999 /* Sources */ = {
			isa = PBXSourcesBuildPhase;
			buildActionMask = 2147483647;
			files = (
				F173713C184C2F5500422999 /* RFMarkdownTextViewDemoTests.m in Sources */,
			);
			runOnlyForDeploymentPostprocessing = 0;
		};
/* End PBXSourcesBuildPhase section */

/* Begin PBXTargetDependency section */
		F1737134184C2F5500422999 /* PBXTargetDependency */ = {
			isa = PBXTargetDependency;
			target = F1737112184C2F5500422999 /* RFMarkdownTextViewDemo */;
			targetProxy = F1737133184C2F5500422999 /* PBXContainerItemProxy */;
		};
/* End PBXTargetDependency section */

/* Begin PBXVariantGroup section */
		F173711F184C2F5500422999 /* InfoPlist.strings */ = {
			isa = PBXVariantGroup;
			children = (
				F1737120184C2F5500422999 /* en */,
			);
			name = InfoPlist.strings;
			sourceTree = "<group>";
		};
		F1737138184C2F5500422999 /* InfoPlist.strings */ = {
			isa = PBXVariantGroup;
			children = (
				F1737139184C2F5500422999 /* en */,
			);
			name = InfoPlist.strings;
			sourceTree = "<group>";
		};
/* End PBXVariantGroup section */

/* Begin XCBuildConfiguration section */
		F173713D184C2F5500422999 /* Debug */ = {
			isa = XCBuildConfiguration;
			buildSettings = {
				ALWAYS_SEARCH_USER_PATHS = NO;
				ARCHS = "$(ARCHS_STANDARD_INCLUDING_64_BIT)";
				CLANG_CXX_LANGUAGE_STANDARD = "gnu++0x";
				CLANG_CXX_LIBRARY = "libc++";
				CLANG_ENABLE_MODULES = YES;
				CLANG_ENABLE_OBJC_ARC = YES;
				CLANG_WARN_BOOL_CONVERSION = YES;
				CLANG_WARN_CONSTANT_CONVERSION = YES;
				CLANG_WARN_DIRECT_OBJC_ISA_USAGE = YES_ERROR;
				CLANG_WARN_EMPTY_BODY = YES;
				CLANG_WARN_ENUM_CONVERSION = YES;
				CLANG_WARN_INT_CONVERSION = YES;
				CLANG_WARN_OBJC_ROOT_CLASS = YES_ERROR;
				CLANG_WARN__DUPLICATE_METHOD_MATCH = YES;
				"CODE_SIGN_IDENTITY[sdk=iphoneos*]" = "iPhone Developer";
				COPY_PHASE_STRIP = NO;
				GCC_C_LANGUAGE_STANDARD = gnu99;
				GCC_DYNAMIC_NO_PIC = NO;
				GCC_OPTIMIZATION_LEVEL = 0;
				GCC_PREPROCESSOR_DEFINITIONS = (
					"DEBUG=1",
					"$(inherited)",
				);
				GCC_SYMBOLS_PRIVATE_EXTERN = NO;
				GCC_WARN_64_TO_32_BIT_CONVERSION = YES;
				GCC_WARN_ABOUT_RETURN_TYPE = YES_ERROR;
				GCC_WARN_UNDECLARED_SELECTOR = YES;
				GCC_WARN_UNINITIALIZED_AUTOS = YES;
				GCC_WARN_UNUSED_FUNCTION = YES;
				GCC_WARN_UNUSED_VARIABLE = YES;
				IPHONEOS_DEPLOYMENT_TARGET = 7.0;
				ONLY_ACTIVE_ARCH = YES;
				SDKROOT = iphoneos;
			};
			name = Debug;
		};
		F173713E184C2F5500422999 /* Release */ = {
			isa = XCBuildConfiguration;
			buildSettings = {
				ALWAYS_SEARCH_USER_PATHS = NO;
				ARCHS = "$(ARCHS_STANDARD_INCLUDING_64_BIT)";
				CLANG_CXX_LANGUAGE_STANDARD = "gnu++0x";
				CLANG_CXX_LIBRARY = "libc++";
				CLANG_ENABLE_MODULES = YES;
				CLANG_ENABLE_OBJC_ARC = YES;
				CLANG_WARN_BOOL_CONVERSION = YES;
				CLANG_WARN_CONSTANT_CONVERSION = YES;
				CLANG_WARN_DIRECT_OBJC_ISA_USAGE = YES_ERROR;
				CLANG_WARN_EMPTY_BODY = YES;
				CLANG_WARN_ENUM_CONVERSION = YES;
				CLANG_WARN_INT_CONVERSION = YES;
				CLANG_WARN_OBJC_ROOT_CLASS = YES_ERROR;
				CLANG_WARN__DUPLICATE_METHOD_MATCH = YES;
				"CODE_SIGN_IDENTITY[sdk=iphoneos*]" = "iPhone Developer";
				COPY_PHASE_STRIP = YES;
				ENABLE_NS_ASSERTIONS = NO;
				GCC_C_LANGUAGE_STANDARD = gnu99;
				GCC_WARN_64_TO_32_BIT_CONVERSION = YES;
				GCC_WARN_ABOUT_RETURN_TYPE = YES_ERROR;
				GCC_WARN_UNDECLARED_SELECTOR = YES;
				GCC_WARN_UNINITIALIZED_AUTOS = YES;
				GCC_WARN_UNUSED_FUNCTION = YES;
				GCC_WARN_UNUSED_VARIABLE = YES;
				IPHONEOS_DEPLOYMENT_TARGET = 7.0;
				SDKROOT = iphoneos;
				VALIDATE_PRODUCT = YES;
			};
			name = Release;
		};
		F1737140184C2F5500422999 /* Debug */ = {
			isa = XCBuildConfiguration;
			buildSettings = {
				ASSETCATALOG_COMPILER_APPICON_NAME = AppIcon;
				ASSETCATALOG_COMPILER_LAUNCHIMAGE_NAME = LaunchImage;
				GCC_PRECOMPILE_PREFIX_HEADER = YES;
				GCC_PREFIX_HEADER = "RFMarkdownTextViewDemo/RFMarkdownTextViewDemo-Prefix.pch";
				INFOPLIST_FILE = "RFMarkdownTextViewDemo/RFMarkdownTextViewDemo-Info.plist";
				PRODUCT_NAME = "$(TARGET_NAME)";
				WRAPPER_EXTENSION = app;
			};
			name = Debug;
		};
		F1737141184C2F5500422999 /* Release */ = {
			isa = XCBuildConfiguration;
			buildSettings = {
				ASSETCATALOG_COMPILER_APPICON_NAME = AppIcon;
				ASSETCATALOG_COMPILER_LAUNCHIMAGE_NAME = LaunchImage;
				GCC_PRECOMPILE_PREFIX_HEADER = YES;
				GCC_PREFIX_HEADER = "RFMarkdownTextViewDemo/RFMarkdownTextViewDemo-Prefix.pch";
				INFOPLIST_FILE = "RFMarkdownTextViewDemo/RFMarkdownTextViewDemo-Info.plist";
				PRODUCT_NAME = "$(TARGET_NAME)";
				WRAPPER_EXTENSION = app;
			};
			name = Release;
		};
		F1737143184C2F5500422999 /* Debug */ = {
			isa = XCBuildConfiguration;
			buildSettings = {
				ARCHS = "$(ARCHS_STANDARD_INCLUDING_64_BIT)";
				BUNDLE_LOADER = "$(BUILT_PRODUCTS_DIR)/RFMarkdownTextViewDemo.app/RFMarkdownTextViewDemo";
				FRAMEWORK_SEARCH_PATHS = (
					"$(SDKROOT)/Developer/Library/Frameworks",
					"$(inherited)",
					"$(DEVELOPER_FRAMEWORKS_DIR)",
				);
				GCC_PRECOMPILE_PREFIX_HEADER = YES;
				GCC_PREFIX_HEADER = "RFMarkdownTextViewDemo/RFMarkdownTextViewDemo-Prefix.pch";
				GCC_PREPROCESSOR_DEFINITIONS = (
					"DEBUG=1",
					"$(inherited)",
				);
				INFOPLIST_FILE = "RFMarkdownTextViewDemoTests/RFMarkdownTextViewDemoTests-Info.plist";
				PRODUCT_NAME = "$(TARGET_NAME)";
				TEST_HOST = "$(BUNDLE_LOADER)";
				WRAPPER_EXTENSION = xctest;
			};
			name = Debug;
		};
		F1737144184C2F5500422999 /* Release */ = {
			isa = XCBuildConfiguration;
			buildSettings = {
				ARCHS = "$(ARCHS_STANDARD_INCLUDING_64_BIT)";
				BUNDLE_LOADER = "$(BUILT_PRODUCTS_DIR)/RFMarkdownTextViewDemo.app/RFMarkdownTextViewDemo";
				FRAMEWORK_SEARCH_PATHS = (
					"$(SDKROOT)/Developer/Library/Frameworks",
					"$(inherited)",
					"$(DEVELOPER_FRAMEWORKS_DIR)",
				);
				GCC_PRECOMPILE_PREFIX_HEADER = YES;
				GCC_PREFIX_HEADER = "RFMarkdownTextViewDemo/RFMarkdownTextViewDemo-Prefix.pch";
				INFOPLIST_FILE = "RFMarkdownTextViewDemoTests/RFMarkdownTextViewDemoTests-Info.plist";
				PRODUCT_NAME = "$(TARGET_NAME)";
				TEST_HOST = "$(BUNDLE_LOADER)";
				WRAPPER_EXTENSION = xctest;
			};
			name = Release;
		};
/* End XCBuildConfiguration section */

/* Begin XCConfigurationList section */
		F173710E184C2F5500422999 /* Build configuration list for PBXProject "RFMarkdownTextViewDemo" */ = {
			isa = XCConfigurationList;
			buildConfigurations = (
				F173713D184C2F5500422999 /* Debug */,
				F173713E184C2F5500422999 /* Release */,
			);
			defaultConfigurationIsVisible = 0;
			defaultConfigurationName = Release;
		};
		F173713F184C2F5500422999 /* Build configuration list for PBXNativeTarget "RFMarkdownTextViewDemo" */ = {
			isa = XCConfigurationList;
			buildConfigurations = (
				F1737140184C2F5500422999 /* Debug */,
				F1737141184C2F5500422999 /* Release */,
			);
			defaultConfigurationIsVisible = 0;
			defaultConfigurationName = Release;
		};
		F1737142184C2F5500422999 /* Build configuration list for PBXNativeTarget "RFMarkdownTextViewDemoTests" */ = {
			isa = XCConfigurationList;
			buildConfigurations = (
				F1737143184C2F5500422999 /* Debug */,
				F1737144184C2F5500422999 /* Release */,
			);
			defaultConfigurationIsVisible = 0;
			defaultConfigurationName = Release;
		};
/* End XCConfigurationList section */
	};
	rootObject = F173710B184C2F5500422999 /* Project object */;
}
